
Microsoft Visual Studio Solution File, Format Version 12.00
Project("{FAE04EC0-301F-11D3-BF4B-00C04F79EFBC}") = "Server", "Server\Server.csproj", "{EDEA57CF-D462-487B-803F-9EFB4C07CC5A}"
EndProject
Project("{2150E333-8FDC-42A3-9474-1A3956D46DE8}") = "Solution Items", "Solution Items", "{69429AF9-2396-457D-8D5E-AD5851722D76}"
	ProjectSection(SolutionItems) = preProject
		compose.yaml = compose.yaml
	EndProjectSection
EndProject
Project("{FAE04EC0-301F-11D3-BF4B-00C04F79EFBC}") = "Server.Tests", "Server.Tests\Server.Tests.csproj", "{820CC1FB-4230-42A0-A558-A1DE9D109D86}"
EndProject
Global
	GlobalSection(SolutionConfigurationPlatforms) = preSolution
		Debug|Any CPU = Debug|Any CPU
		Release|Any CPU = Release|Any CPU
	EndGlobalSection
	GlobalSection(ProjectConfigurationPlatforms) = postSolution
		{EDEA57CF-D462-487B-803F-9EFB4C07CC5A}.Debug|Any CPU.ActiveCfg = Debug|Any CPU
		{EDEA57CF-D462-487B-803F-9EFB4C07CC5A}.Debug|Any CPU.Build.0 = Debug|Any CPU
		{EDEA57CF-D462-487B-803F-9EFB4C07CC5A}.Release|Any CPU.ActiveCfg = Release|Any CPU
		{EDEA57CF-D462-487B-803F-9EFB4C07CC5A}.Release|Any CPU.Build.0 = Release|Any CPU
		{820CC1FB-4230-42A0-A558-A1DE9D109D86}.Debug|Any CPU.ActiveCfg = Debug|Any CPU
		{820CC1FB-4230-42A0-A558-A1DE9D109D86}.Debug|Any CPU.Build.0 = Debug|Any CPU
		{820CC1FB-4230-42A0-A558-A1DE9D109D86}.Release|Any CPU.ActiveCfg = Release|Any CPU
		{820CC1FB-4230-42A0-A558-A1DE9D109D86}.Release|Any CPU.Build.0 = Release|Any CPU
	EndGlobalSection
EndGlobal
